
Microsoft Visual Studio Solution File, Format Version 12.00
# Visual Studio Version 16
VisualStudioVersion = 16.0.32602.291
MinimumVisualStudioVersion = 10.0.40219.1
Project("{FAE04EC0-301F-11D3-BF4B-00C04F79EFBC}") = "WindowsFormsApp1", "WindowsFormsApp1\WindowsFormsApp1.csproj", "{F5B922EC-3515-463B-912B-E959188A939F}"
EndProject
Global
	GlobalSection(SolutionConfigurationPlatforms) = preSolution
		Debug|Any CPU = Debug|Any CPU
		Release|Any CPU = Release|Any CPU
	EndGlobalSection
	GlobalSection(ProjectConfigurationPlatforms) = postSolution
		{F5B922EC-3515-463B-912B-E959188A939F}.Debug|Any CPU.ActiveCfg = Debug|Any CPU
		{F5B922EC-3515-463B-912B-E959188A939F}.Debug|Any CPU.Build.0 = Debug|Any CPU
		{F5B922EC-3515-463B-912B-E959188A939F}.Release|Any CPU.ActiveCfg = Release|Any CPU
		{F5B922EC-3515-463B-912B-E959188A939F}.Release|Any CPU.Build.0 = Release|Any CPU
	EndGlobalSection
	GlobalSection(SolutionProperties) = preSolution
		HideSolutionNode = FALSE
	EndGlobalSection
	GlobalSection(ExtensibilityGlobals) = postSolution
		SolutionGuid = {A53CC95F-E88A-4930-939D-55AEDD1B6812}
	EndGlobalSection
EndGlobal
